
Microsoft Visual Studio Solution File, Format Version 12.00
# Visual Studio Version 17
VisualStudioVersion = 17.14.36414.22 d17.14
MinimumVisualStudioVersion = 10.0.40219.1
Project("{8BC9CEB8-8B4A-11D0-8D11-00A0C91BC942}") = "Manchester Baby", "Manchester Baby.vcxproj", "{393DB96A-B7BB-4FB1-AAC1-0CAACAF51304}"
EndProject
Global
	GlobalSection(SolutionConfigurationPlatforms) = preSolution
		Debug|x64 = Debug|x64
		Debug|x86 = Debug|x86
		Release|x64 = Release|x64
		Release|x86 = Release|x86
	EndGlobalSection
	GlobalSection(ProjectConfigurationPlatforms) = postSolution
		{393DB96A-B7BB-4FB1-AAC1-0CAACAF51304}.Debug|x64.ActiveCfg = Debug|x64
		{393DB96A-B7BB-4FB1-AAC1-0CAACAF51304}.Debug|x64.Build.0 = Debug|x64
		{393DB96A-B7BB-4FB1-AAC1-0CAACAF51304}.Debug|x86.ActiveCfg = Debug|Win32
		{393DB96A-B7BB-4FB1-AAC1-0CAACAF51304}.Debug|x86.Build.0 = Debug|Win32
		{393DB96A-B7BB-4FB1-AAC1-0CAACAF51304}.Release|x64.ActiveCfg = Release|x64
		{393DB96A-B7BB-4FB1-AAC1-0CAACAF51304}.Release|x64.Build.0 = Release|x64
		{393DB96A-B7BB-4FB1-AAC1-0CAACAF51304}.Release|x86.ActiveCfg = Release|Win32
		{393DB96A-B7BB-4FB1-AAC1-0CAACAF51304}.Release|x86.Build.0 = Release|Win32
	EndGlobalSection
	GlobalSection(SolutionProperties) = preSolution
		HideSolutionNode = FALSE
	EndGlobalSection
	GlobalSection(ExtensibilityGlobals) = postSolution
		SolutionGuid = {5C141AA4-2EE2-4FE8-9582-8F62F8A71D3A}
	EndGlobalSection
EndGlobal
